# This file is automatically @generated by Cargo.
# It is not intended for manual editing.
version = 4

[[package]]
name = "random"
version = "0.14.1"
source = "registry+https://github.com/rust-lang/crates.io-index"
checksum = "9d62d9cce151a97168445d78542558d3bddf6cf99f283c475f2eaf5cc14c364a"

[[package]]
name = "toom_war"
version = "0.1.0"
dependencies = [
 "random",
]
